github.com/Masterminds/semver v1.1.1 h1:zaTaSIIZiw2DIR1ZvGd3Drz9UMzMxkPrIwOvOdJddFw=
github.com/Masterminds/semver v1.1.1/go.mod h1:MB6lktGJrhw8PrUyiEoblNEGEQ+RzHPF078ddwwvV3Y=
github.com/fatih/color v1.1.1-0.20161025120501-bf82308e8c85 h1:FvdRGnDEscqSP1EedtRtA83DFuWYR3Wv4EF9vlgCAdU=
github.com/fatih/color v1.1.1-0.20161025120501-bf82308e8c85/go.mod h1:Zm6kSWBoL9eyXnKyktHP6abPY2pDugNf5KwzbycvMj4=
github.com/mattn/go-colorable v0.0.7 h1:zh4kz16dcPG+l666m12h0+dO2HGnQ1ngy7crMErE2UU=
github.com/mattn/go-colorable v0.0.7/go.mod h1:9vuHe8Xs5qXnSaW/c/ABM9alt+Vo+STaOChaDxuIBZU=
github.com/mattn/go-isatty v0.0.0-20160806122752-66b8e73f3f5c h1:3nKFouDdpgGUV/uerJcYWH45ZbJzX0SiVWfTgmUeTzc=
github.com/mattn/go-isatty v0.0.0-20160806122752-66b8e73f3f5c/go.mod h1:M+lRXTBqGeGNdLjl/ufCoiOlB5xdOkqRJdNxMWT7Zi4=
github.com/mattn/go-zglob v0.0.0-20160607002833-2dbd7f37a45e h1:CKUOoFXxmNBWmFTR23znmpAl2WMnDWd/FMjHuSw6mNg=
github.com/mattn/go-zglob v0.0.0-20160607002833-2dbd7f37a45e/go.mod h1:9fxibJccNxU2cnpIKLRRFA7zX7qhkJIQWBb449FYHOo=
github.com/mh-cbon/go-bin-rpm v0.0.0-20230202113539-db847b88330c h1:CD29AAvefNU9TUc1R+hDSFoGlo5U7CVag4/wIHCHVs0=
github.com/mh-cbon/go-bin-rpm v0.0.0-20230202113539-db847b88330c/go.mod h1:Z7cPrx3Ymqt/SfTkSh/kTFPqmBY1I4m5eLW1viV5+vw=
github.com/mh-cbon/verbose v0.0.0-20160714105526-d00b896de162 h1:+XdRJJJ4YcNzjXyt6Rdq5AY+KmgMXowHPap2oGKpMvU=
github.com/mh-cbon/verbose v0.0.0-20160714105526-d00b896de162/go.mod h1:oCHJllkeMGmtEJYsuGRMCY0XbgXHyOSZPxKD6O+rHoo=
github.com/pkg/errors v0.8.0 h1:WdK/asTD0HN+q6hsWO3/vpuAkAr+tw6aNJNDFFf0+qw=
github.com/pkg/errors v0.8.0/go.mod h1:bwawxfHBFNV+L2hUp1rHADufV3IMtnDRdf1r5NINEl0=
github.com/urfave/cli v1.18.1 h1:IFc93MpteseEF1dvLEwx5Zn+K7xkbIcBGp36OwYlFx8=
github.com/urfave/cli v1.18.1/go.mod h1:70zkFmudgCuE/ngEzBv17Jvp/497gISqfk5gWijbERA=
golang.org/x/sys v0.0.0-20161023150541-c200b10b5d5e h1:uau++4dmjGy3TuvPvRbhZHY+TQVsImIxtWY5HRh9eho=
golang.org/x/sys v0.0.0-20161023150541-c200b10b5d5e/go.mod h1:STP8DvDyc/dI5b8T5hshtkjS+E42TnysNCUPdjciGhY=
